
Microsoft Visual Studio Solution File, Format Version 12.00
# Visual Studio Version 17
VisualStudioVersion = 17.13.35818.85 d17.13
MinimumVisualStudioVersion = 10.0.40219.1
Project("{FAE04EC0-301F-11D3-BF4B-00C04F79EFBC}") = "ExerciciosProposto09", "ExerciciosProposto09\ExerciciosProposto09.csproj", "{68571E98-C76D-4C45-9AF1-C71DB7C3ADD8}"
EndProject
Global
	GlobalSection(SolutionConfigurationPlatforms) = preSolution
		Debug|Any CPU = Debug|Any CPU
		Release|Any CPU = Release|Any CPU
	EndGlobalSection
	GlobalSection(ProjectConfigurationPlatforms) = postSolution
		{68571E98-C76D-4C45-9AF1-C71DB7C3ADD8}.Debug|Any CPU.ActiveCfg = Debug|Any CPU
		{68571E98-C76D-4C45-9AF1-C71DB7C3ADD8}.Debug|Any CPU.Build.0 = Debug|Any CPU
		{68571E98-C76D-4C45-9AF1-C71DB7C3ADD8}.Release|Any CPU.ActiveCfg = Release|Any CPU
		{68571E98-C76D-4C45-9AF1-C71DB7C3ADD8}.Release|Any CPU.Build.0 = Release|Any CPU
	EndGlobalSection
	GlobalSection(SolutionProperties) = preSolution
		HideSolutionNode = FALSE
	EndGlobalSection
	GlobalSection(ExtensibilityGlobals) = postSolution
		SolutionGuid = {D23B892E-7A4F-4B40-A798-A89731FB2F78}
	EndGlobalSection
EndGlobal
